// !$*UTF8*$!
{
	archiveVersion = 1;
	classes = {
	};
	objectVersion = 50;
	objects = {

/* Begin PBXBuildFile section */
		D8263FF021227EB300434C0D /* AppDelegate.swift in Sources */ = {isa = PBXBuildFile; fileRef = D8263FEF21227EB300434C0D /* AppDelegate.swift */; };
		D8263FF221227EB300434C0D /* MainTabBarController.swift in Sources */ = {isa = PBXBuildFile; fileRef = D8263FF121227EB300434C0D /* MainTabBarController.swift */; };
		D8263FF721227EB400434C0D /* Assets.xcassets in Resources */ = {isa = PBXBuildFile; fileRef = D8263FF621227EB400434C0D /* Assets.xcassets */; };
		D8263FFA21227EB400434C0D /* LaunchScreen.storyboard in Resources */ = {isa = PBXBuildFile; fileRef = D8263FF821227EB400434C0D /* LaunchScreen.storyboard */; };
		D82640022122807F00434C0D /* MainWorkoutViewController.swift in Sources */ = {isa = PBXBuildFile; fileRef = D82640012122807F00434C0D /* MainWorkoutViewController.swift */; };
		D8264004212280A400434C0D /* JourneyWorkoutViewController.swift in Sources */ = {isa = PBXBuildFile; fileRef = D8264003212280A400434C0D /* JourneyWorkoutViewController.swift */; };
/* End PBXBuildFile section */

/* Begin PBXFileReference section */
		D8263FEC21227EB300434C0D /* squire.app */ = {isa = PBXFileReference; explicitFileType = wrapper.application; includeInIndex = 0; path = squire.app; sourceTree = BUILT_PRODUCTS_DIR; };
		D8263FEF21227EB300434C0D /* AppDelegate.swift */ = {isa = PBXFileReference; lastKnownFileType = sourcecode.swift; path = AppDelegate.swift; sourceTree = "<group>"; };
		D8263FF121227EB300434C0D /* MainTabBarController.swift */ = {isa = PBXFileReference; lastKnownFileType = sourcecode.swift; path = MainTabBarController.swift; sourceTree = "<group>"; };
		D8263FF621227EB400434C0D /* Assets.xcassets */ = {isa = PBXFileReference; lastKnownFileType = folder.assetcatalog; path = Assets.xcassets; sourceTree = "<group>"; };
		D8263FF921227EB400434C0D /* Base */ = {isa = PBXFileReference; lastKnownFileType = file.storyboard; name = Base; path = Base.lproj/LaunchScreen.storyboard; sourceTree = "<group>"; };
		D8263FFB21227EB400434C0D /* Info.plist */ = {isa = PBXFileReference; lastKnownFileType = text.plist.xml; path = Info.plist; sourceTree = "<group>"; };
		D82640012122807F00434C0D /* MainWorkoutViewController.swift */ = {isa = PBXFileReference; lastKnownFileType = sourcecode.swift; path = MainWorkoutViewController.swift; sourceTree = "<group>"; };
		D8264003212280A400434C0D /* JourneyWorkoutViewController.swift */ = {isa = PBXFileReference; lastKnownFileType = sourcecode.swift; path = JourneyWorkoutViewController.swift; sourceTree = "<group>"; };
/* End PBXFileReference section */

/* Begin PBXFrameworksBuildPhase section */
		D8263FE921227EB300434C0D /* Frameworks */ = {
			isa = PBXFrameworksBuildPhase;
			buildActionMask = 2147483647;
			files = (
			);
			runOnlyForDeploymentPostprocessing = 0;
		};
/* End PBXFrameworksBuildPhase section */

/* Begin PBXGroup section */
		D8263FE321227EB300434C0D = {
			isa = PBXGroup;
			children = (
				D8263FEE21227EB300434C0D /* squire */,
				D8263FED21227EB300434C0D /* Products */,
			);
			sourceTree = "<group>";
		};
		D8263FED21227EB300434C0D /* Products */ = {
			isa = PBXGroup;
			children = (
				D8263FEC21227EB300434C0D /* squire.app */,
			);
			name = Products;
			sourceTree = "<group>";
		};
		D8263FEE21227EB300434C0D /* squire */ = {
			isa = PBXGroup;
			children = (
				D8263FEF21227EB300434C0D /* AppDelegate.swift */,
				D82640012122807F00434C0D /* MainWorkoutViewController.swift */,
				D8264003212280A400434C0D /* JourneyWorkoutViewController.swift */,
				D8263FF121227EB300434C0D /* MainTabBarController.swift */,
				D8263FF621227EB400434C0D /* Assets.xcassets */,
				D8263FF821227EB400434C0D /* LaunchScreen.storyboard */,
				D8263FFB21227EB400434C0D /* Info.plist */,
			);
			path = squire;
			sourceTree = "<group>";
		};
/* End PBXGroup section */

/* Begin PBXNativeTarget section */
		D8263FEB21227EB300434C0D /* squire */ = {
			isa = PBXNativeTarget;
			buildConfigurationList = D8263FFE21227EB400434C0D /* Build configuration list for PBXNativeTarget "squire" */;
			buildPhases = (
				D8263FE821227EB300434C0D /* Sources */,
				D8263FE921227EB300434C0D /* Frameworks */,
				D8263FEA21227EB300434C0D /* Resources */,
			);
			buildRules = (
			);
			dependencies = (
			);
			name = squire;
			productName = squire;
			productReference = D8263FEC21227EB300434C0D /* squire.app */;
			productType = "com.apple.product-type.application";
		};
/* End PBXNativeTarget section */

/* Begin PBXProject section */
		D8263FE421227EB300434C0D /* Project object */ = {
			isa = PBXProject;
			attributes = {
				LastSwiftUpdateCheck = 1000;
				LastUpgradeCheck = 1000;
				ORGANIZATIONNAME = "Julio Mojica";
				TargetAttributes = {
					D8263FEB21227EB300434C0D = {
						CreatedOnToolsVersion = 10.0;
					};
				};
			};
			buildConfigurationList = D8263FE721227EB300434C0D /* Build configuration list for PBXProject "squire" */;
			compatibilityVersion = "Xcode 9.3";
			developmentRegion = en;
			hasScannedForEncodings = 0;
			knownRegions = (
				en,
				Base,
			);
			mainGroup = D8263FE321227EB300434C0D;
			productRefGroup = D8263FED21227EB300434C0D /* Products */;
			projectDirPath = "";
			projectRoot = "";
			targets = (
				D8263FEB21227EB300434C0D /* squire */,
			);
		};
/* End PBXProject section */

/* Begin PBXResourcesBuildPhase section */
		D8263FEA21227EB300434C0D /* Resources */ = {
			isa = PBXResourcesBuildPhase;
			buildActionMask = 2147483647;
			files = (
				D8263FFA21227EB400434C0D /* LaunchScreen.storyboard in Resources */,
				D8263FF721227EB400434C0D /* Assets.xcassets in Resources */,
			);
			runOnlyForDeploymentPostprocessing = 0;
		};
/* End PBXResourcesBuildPhase section */

/* Begin PBXSourcesBuildPhase section */
		D8263FE821227EB300434C0D /* Sources */ = {
			isa = PBXSourcesBuildPhase;
			buildActionMask = 2147483647;
			files = (
				D8263FF221227EB300434C0D /* MainTabBarController.swift in Sources */,
				D8263FF021227EB300434C0D /* AppDelegate.swift in Sources */,
				D82640022122807F00434C0D /* MainWorkoutViewController.swift in Sources */,
				D8264004212280A400434C0D /* JourneyWorkoutViewController.swift in Sources */,
			);
			runOnlyForDeploymentPostprocessing = 0;
		};
/* End PBXSourcesBuildPhase section */

/* Begin PBXVariantGroup section */
		D8263FF821227EB400434C0D /* LaunchScreen.storyboard */ = {
			isa = PBXVariantGroup;
			children = (
				D8263FF921227EB400434C0D /* Base */,
			);
			name = LaunchScreen.storyboard;
			sourceTree = "<group>";
		};
/* End PBXVariantGroup section */

/* Begin XCBuildConfiguration section */
		D8263FFC21227EB400434C0D /* Debug */ = {
			isa = XCBuildConfiguration;
			buildSettings = {
				ALWAYS_SEARCH_USER_PATHS = NO;
				CLANG_ANALYZER_NONNULL = YES;
				CLANG_ANALYZER_NUMBER_OBJECT_CONVERSION = YES_AGGRESSIVE;
				CLANG_CXX_LANGUAGE_STANDARD = "gnu++14";
				CLANG_CXX_LIBRARY = "libc++";
				CLANG_ENABLE_MODULES = YES;
				CLANG_ENABLE_OBJC_ARC = YES;
				CLANG_ENABLE_OBJC_WEAK = YES;
				CLANG_WARN_BLOCK_CAPTURE_AUTORELEASING = YES;
				CLANG_WARN_BOOL_CONVERSION = YES;
				CLANG_WARN_COMMA = YES;
				CLANG_WARN_CONSTANT_CONVERSION = YES;
				CLANG_WARN_DEPRECATED_OBJC_IMPLEMENTATIONS = YES;
				CLANG_WARN_DIRECT_OBJC_ISA_USAGE = YES_ERROR;
				CLANG_WARN_DOCUMENTATION_COMMENTS = YES;
				CLANG_WARN_EMPTY_BODY = YES;
				CLANG_WARN_ENUM_CONVERSION = YES;
				CLANG_WARN_INFINITE_RECURSION = YES;
				CLANG_WARN_INT_CONVERSION = YES;
				CLANG_WARN_NON_LITERAL_NULL_CONVERSION = YES;
				CLANG_WARN_OBJC_IMPLICIT_RETAIN_SELF = YES;
				CLANG_WARN_OBJC_LITERAL_CONVERSION = YES;
				CLANG_WARN_OBJC_ROOT_CLASS = YES_ERROR;
				CLANG_WARN_RANGE_LOOP_ANALYSIS = YES;
				CLANG_WARN_STRICT_PROTOTYPES = YES;
				CLANG_WARN_SUSPICIOUS_MOVE = YES;
				CLANG_WARN_UNGUARDED_AVAILABILITY = YES_AGGRESSIVE;
				CLANG_WARN_UNREACHABLE_CODE = YES;
				CLANG_WARN__DUPLICATE_METHOD_MATCH = YES;
				CODE_SIGN_IDENTITY = "iPhone Developer";
				COPY_PHASE_STRIP = NO;
				DEBUG_INFORMATION_FORMAT = dwarf;
				ENABLE_STRICT_OBJC_MSGSEND = YES;
				ENABLE_TESTABILITY = YES;
				GCC_C_LANGUAGE_STANDARD = gnu11;
				GCC_DYNAMIC_NO_PIC = NO;
				GCC_NO_COMMON_BLOCKS = YES;
				GCC_OPTIMIZATION_LEVEL = 0;
				GCC_PREPROCESSOR_DEFINITIONS = (
					"DEBUG=1",
					"$(inherited)",
				);
				GCC_WARN_64_TO_32_BIT_CONVERSION = YES;
				GCC_WARN_ABOUT_RETURN_TYPE = YES_ERROR;
				GCC_WARN_UNDECLARED_SELECTOR = YES;
				GCC_WARN_UNINITIALIZED_AUTOS = YES_AGGRESSIVE;
				GCC_WARN_UNUSED_FUNCTION = YES;
				GCC_WARN_UNUSED_VARIABLE = YES;
				IPHONEOS_DEPLOYMENT_TARGET = 12.0;
				MTL_ENABLE_DEBUG_INFO = INCLUDE_SOURCE;
				ONLY_ACTIVE_ARCH = YES;
				SDKROOT = iphoneos;
				SWIFT_ACTIVE_COMPILATION_CONDITIONS = DEBUG;
				SWIFT_OPTIMIZATION_LEVEL = "-Onone";
			};
			name = Debug;
		};
		D8263FFD21227EB400434C0D /* Release */ = {
			isa = XCBuildConfiguration;
			buildSettings = {
				ALWAYS_SEARCH_USER_PATHS = NO;
				CLANG_ANALYZER_NONNULL = YES;
				CLANG_ANALYZER_NUMBER_OBJECT_CONVERSION = YES_AGGRESSIVE;
				CLANG_CXX_LANGUAGE_STANDARD = "gnu++14";
				CLANG_CXX_LIBRARY = "libc++";
				CLANG_ENABLE_MODULES = YES;
				CLANG_ENABLE_OBJC_ARC = YES;
				CLANG_ENABLE_OBJC_WEAK = YES;
				CLANG_WARN_BLOCK_CAPTURE_AUTORELEASING = YES;
				CLANG_WARN_BOOL_CONVERSION = YES;
				CLANG_WARN_COMMA = YES;
				CLANG_WARN_CONSTANT_CONVERSION = YES;
				CLANG_WARN_DEPRECATED_OBJC_IMPLEMENTATIONS = YES;
				CLANG_WARN_DIRECT_OBJC_ISA_USAGE = YES_ERROR;
				CLANG_WARN_DOCUMENTATION_COMMENTS = YES;
				CLANG_WARN_EMPTY_BODY = YES;
				CLANG_WARN_ENUM_CONVERSION = YES;
				CLANG_WARN_INFINITE_RECURSION = YES;
				CLANG_WARN_INT_CONVERSION = YES;
				CLANG_WARN_NON_LITERAL_NULL_CONVERSION = YES;
				CLANG_WARN_OBJC_IMPLICIT_RETAIN_SELF = YES;
				CLANG_WARN_OBJC_LITERAL_CONVERSION = YES;
				CLANG_WARN_OBJC_ROOT_CLASS = YES_ERROR;
				CLANG_WARN_RANGE_LOOP_ANALYSIS = YES;
				CLANG_WARN_STRICT_PROTOTYPES = YES;
				CLANG_WARN_SUSPICIOUS_MOVE = YES;
				CLANG_WARN_UNGUARDED_AVAILABILITY = YES_AGGRESSIVE;
				CLANG_WARN_UNREACHABLE_CODE = YES;
				CLANG_WARN__DUPLICATE_METHOD_MATCH = YES;
				CODE_SIGN_IDENTITY = "iPhone Developer";
				COPY_PHASE_STRIP = NO;
				DEBUG_INFORMATION_FORMAT = "dwarf-with-dsym";
				ENABLE_NS_ASSERTIONS = NO;
				ENABLE_STRICT_OBJC_MSGSEND = YES;
				GCC_C_LANGUAGE_STANDARD = gnu11;
				GCC_NO_COMMON_BLOCKS = YES;
				GCC_WARN_64_TO_32_BIT_CONVERSION = YES;
				GCC_WARN_ABOUT_RETURN_TYPE = YES_ERROR;
				GCC_WARN_UNDECLARED_SELECTOR = YES;
				GCC_WARN_UNINITIALIZED_AUTOS = YES_AGGRESSIVE;
				GCC_WARN_UNUSED_FUNCTION = YES;
				GCC_WARN_UNUSED_VARIABLE = YES;
				IPHONEOS_DEPLOYMENT_TARGET = 12.0;
				MTL_ENABLE_DEBUG_INFO = NO;
				SDKROOT = iphoneos;
				SWIFT_COMPILATION_MODE = wholemodule;
				SWIFT_OPTIMIZATION_LEVEL = "-O";
				VALIDATE_PRODUCT = YES;
			};
			name = Release;
		};
		D8263FFF21227EB400434C0D /* Debug */ = {
			isa = XCBuildConfiguration;
			buildSettings = {
				ASSETCATALOG_COMPILER_APPICON_NAME = AppIcon;
				CODE_SIGN_STYLE = Automatic;
				DEVELOPMENT_TEAM = T23Z36RUZ8;
				INFOPLIST_FILE = squire/Info.plist;
				LD_RUNPATH_SEARCH_PATHS = (
					"$(inherited)",
					"@executable_path/Frameworks",
				);
				PRODUCT_BUNDLE_IDENTIFIER = com.j8298c.github.squire;
				PRODUCT_NAME = "$(TARGET_NAME)";
				SWIFT_VERSION = 4.2;
				TARGETED_DEVICE_FAMILY = "1,2";
			};
			name = Debug;
		};
		D826400021227EB400434C0D /* Release */ = {
			isa = XCBuildConfiguration;
			buildSettings = {
				ASSETCATALOG_COMPILER_APPICON_NAME = AppIcon;
				CODE_SIGN_STYLE = Automatic;
				DEVELOPMENT_TEAM = T23Z36RUZ8;
				INFOPLIST_FILE = squire/Info.plist;
				LD_RUNPATH_SEARCH_PATHS = (
					"$(inherited)",
					"@executable_path/Frameworks",
				);
				PRODUCT_BUNDLE_IDENTIFIER = com.j8298c.github.squire;
				PRODUCT_NAME = "$(TARGET_NAME)";
				SWIFT_VERSION = 4.2;
				TARGETED_DEVICE_FAMILY = "1,2";
			};
			name = Release;
		};
/* End XCBuildConfiguration section */

/* Begin XCConfigurationList section */
		D8263FE721227EB300434C0D /* Build configuration list for PBXProject "squire" */ = {
			isa = XCConfigurationList;
			buildConfigurations = (
				D8263FFC21227EB400434C0D /* Debug */,
				D8263FFD21227EB400434C0D /* Release */,
			);
			defaultConfigurationIsVisible = 0;
			defaultConfigurationName = Release;
		};
		D8263FFE21227EB400434C0D /* Build configuration list for PBXNativeTarget "squire" */ = {
			isa = XCConfigurationList;
			buildConfigurations = (
				D8263FFF21227EB400434C0D /* Debug */,
				D826400021227EB400434C0D /* Release */,
			);
			defaultConfigurationIsVisible = 0;
			defaultConfigurationName = Release;
		};
/* End XCConfigurationList section */
	};
	rootObject = D8263FE421227EB300434C0D /* Project object */;
}
